
Microsoft Visual Studio Solution File, Format Version 12.00
# Visual Studio Version 17
VisualStudioVersion = 17.0.31912.275
MinimumVisualStudioVersion = 10.0.40219.1
Project("{9A19103F-16F7-4668-BE54-9A1E7A4F7556}") = "Layoutize", "Layoutize\Layoutize.csproj", "{A3518A46-6624-432D-91B2-8D4B9B05C3CF}"
EndProject
Project("{9A19103F-16F7-4668-BE54-9A1E7A4F7556}") = "Layoutize.Tests", "Layoutize.Tests\Layoutize.Tests.csproj", "{0CE18EC1-106B-4EF9-9C84-9659FEE61047}"
EndProject
Global
	GlobalSection(SolutionConfigurationPlatforms) = preSolution
		Debug|Any CPU = Debug|Any CPU
		Release|Any CPU = Release|Any CPU
	EndGlobalSection
	GlobalSection(ProjectConfigurationPlatforms) = postSolution
		{A3518A46-6624-432D-91B2-8D4B9B05C3CF}.Debug|Any CPU.ActiveCfg = Debug|Any CPU
		{A3518A46-6624-432D-91B2-8D4B9B05C3CF}.Debug|Any CPU.Build.0 = Debug|Any CPU
		{A3518A46-6624-432D-91B2-8D4B9B05C3CF}.Release|Any CPU.ActiveCfg = Release|Any CPU
		{A3518A46-6624-432D-91B2-8D4B9B05C3CF}.Release|Any CPU.Build.0 = Release|Any CPU
		{0CE18EC1-106B-4EF9-9C84-9659FEE61047}.Debug|Any CPU.ActiveCfg = Debug|Any CPU
		{0CE18EC1-106B-4EF9-9C84-9659FEE61047}.Debug|Any CPU.Build.0 = Debug|Any CPU
		{0CE18EC1-106B-4EF9-9C84-9659FEE61047}.Release|Any CPU.ActiveCfg = Release|Any CPU
		{0CE18EC1-106B-4EF9-9C84-9659FEE61047}.Release|Any CPU.Build.0 = Release|Any CPU
	EndGlobalSection
	GlobalSection(SolutionProperties) = preSolution
		HideSolutionNode = FALSE
	EndGlobalSection
	GlobalSection(ExtensibilityGlobals) = postSolution
		SolutionGuid = {1E50C865-B0FB-4104-ABE1-2C43F4EF8BFF}
	EndGlobalSection
EndGlobal
