
Microsoft Visual Studio Solution File, Format Version 12.00
# Visual Studio Version 17
VisualStudioVersion = 17.0.31912.275
MinimumVisualStudioVersion = 10.0.40219.1
Project("{9A19103F-16F7-4668-BE54-9A1E7A4F7556}") = "Templata", "Templata\Templata.csproj", "{A217C89B-7D57-46B5-8872-8C67F1FA03DF}"
EndProject
Project("{9A19103F-16F7-4668-BE54-9A1E7A4F7556}") = "Templata.Tests", "Templata.Tests\Templata.Tests.csproj", "{1DAE0365-E970-4F76-95DF-D82C849C0DC0}"
EndProject
Global
	GlobalSection(SolutionConfigurationPlatforms) = preSolution
		Debug|Any CPU = Debug|Any CPU
		Release|Any CPU = Release|Any CPU
	EndGlobalSection
	GlobalSection(ProjectConfigurationPlatforms) = postSolution
		{A217C89B-7D57-46B5-8872-8C67F1FA03DF}.Debug|Any CPU.ActiveCfg = Debug|Any CPU
		{A217C89B-7D57-46B5-8872-8C67F1FA03DF}.Debug|Any CPU.Build.0 = Debug|Any CPU
		{A217C89B-7D57-46B5-8872-8C67F1FA03DF}.Release|Any CPU.ActiveCfg = Release|Any CPU
		{A217C89B-7D57-46B5-8872-8C67F1FA03DF}.Release|Any CPU.Build.0 = Release|Any CPU
		{1DAE0365-E970-4F76-95DF-D82C849C0DC0}.Debug|Any CPU.ActiveCfg = Debug|Any CPU
		{1DAE0365-E970-4F76-95DF-D82C849C0DC0}.Debug|Any CPU.Build.0 = Debug|Any CPU
		{1DAE0365-E970-4F76-95DF-D82C849C0DC0}.Release|Any CPU.ActiveCfg = Release|Any CPU
		{1DAE0365-E970-4F76-95DF-D82C849C0DC0}.Release|Any CPU.Build.0 = Release|Any CPU
	EndGlobalSection
	GlobalSection(SolutionProperties) = preSolution
		HideSolutionNode = FALSE
	EndGlobalSection
	GlobalSection(ExtensibilityGlobals) = postSolution
		SolutionGuid = {1E50C865-B0FB-4104-ABE1-2C43F4EF8BFF}
	EndGlobalSection
EndGlobal
